// !$*UTF8*$!
{
	archiveVersion = 1;
	classes = {
	};
	objectVersion = 56;
	objects = {

/* Begin PBXBuildFile section */
		33432A6B2B0FC0A600FBB60A /* Components.framework in Frameworks */ = {isa = PBXBuildFile; fileRef = 33E2EFFC2B0B890800A4FA1D /* Components.framework */; };
		33432A6C2B0FC0A600FBB60A /* Components.framework in Embed Frameworks */ = {isa = PBXBuildFile; fileRef = 33E2EFFC2B0B890800A4FA1D /* Components.framework */; settings = {ATTRIBUTES = (CodeSignOnCopy, RemoveHeadersOnCopy, ); }; };
		33712AF42B2C8B310034F29F /* Typealias.swift in Sources */ = {isa = PBXBuildFile; fileRef = 33712AF32B2C8B310034F29F /* Typealias.swift */; };
		33712B012B2E7B370034F29F /* Protocols.swift in Sources */ = {isa = PBXBuildFile; fileRef = 33712B002B2E7B370034F29F /* Protocols.swift */; };
		339C835D2B0C4FEE00DBA0CE /* WListTextView.swift in Sources */ = {isa = PBXBuildFile; fileRef = 339C835C2B0C4FEE00DBA0CE /* WListTextView.swift */; };
		339C83612B0CDDC200DBA0CE /* WListNavBar.swift in Sources */ = {isa = PBXBuildFile; fileRef = 339C83602B0CDDC200DBA0CE /* WListNavBar.swift */; };
		339C83622B0CDE6D00DBA0CE /* WListNavBar.swift in Sources */ = {isa = PBXBuildFile; fileRef = 339C83602B0CDDC200DBA0CE /* WListNavBar.swift */; };
		33E2F0012B0B890800A4FA1D /* Components.docc in Sources */ = {isa = PBXBuildFile; fileRef = 33E2F0002B0B890800A4FA1D /* Components.docc */; };
		33E2F0072B0B890800A4FA1D /* Components.framework in Frameworks */ = {isa = PBXBuildFile; fileRef = 33E2EFFC2B0B890800A4FA1D /* Components.framework */; };
		33E2F00C2B0B890800A4FA1D /* ComponentsTests.swift in Sources */ = {isa = PBXBuildFile; fileRef = 33E2F00B2B0B890800A4FA1D /* ComponentsTests.swift */; };
		33E2F00D2B0B890800A4FA1D /* Components.h in Headers */ = {isa = PBXBuildFile; fileRef = 33E2EFFF2B0B890800A4FA1D /* Components.h */; settings = {ATTRIBUTES = (Public, ); }; };
		33E2F0322B0B8FE400A4FA1D /* ComponentsUITests.swift in Sources */ = {isa = PBXBuildFile; fileRef = 33E2F0312B0B8FE400A4FA1D /* ComponentsUITests.swift */; };
		33E2F0342B0B8FE400A4FA1D /* ComponentsUITestsLaunchTests.swift in Sources */ = {isa = PBXBuildFile; fileRef = 33E2F0332B0B8FE400A4FA1D /* ComponentsUITestsLaunchTests.swift */; };
		33E2F03F2B0B904200A4FA1D /* ComponentsDemoApp.swift in Sources */ = {isa = PBXBuildFile; fileRef = 33E2F03E2B0B904200A4FA1D /* ComponentsDemoApp.swift */; };
		33E2F0412B0B904200A4FA1D /* ComponentsContentView.swift in Sources */ = {isa = PBXBuildFile; fileRef = 33E2F0402B0B904200A4FA1D /* ComponentsContentView.swift */; };
		33E2F0432B0B904300A4FA1D /* Assets.xcassets in Resources */ = {isa = PBXBuildFile; fileRef = 33E2F0422B0B904300A4FA1D /* Assets.xcassets */; };
		33E2F0462B0B904300A4FA1D /* Preview Assets.xcassets in Resources */ = {isa = PBXBuildFile; fileRef = 33E2F0452B0B904300A4FA1D /* Preview Assets.xcassets */; };
		33E2F04C2B0B976400A4FA1D /* WListText.swift in Sources */ = {isa = PBXBuildFile; fileRef = 33E2F0292B0B8BD500A4FA1D /* WListText.swift */; };
		33E2F04D2B0B981900A4FA1D /* WListText.swift in Sources */ = {isa = PBXBuildFile; fileRef = 33E2F0292B0B8BD500A4FA1D /* WListText.swift */; };
		33E2F0522B0B9DB000A4FA1D /* Components.framework in Frameworks */ = {isa = PBXBuildFile; fileRef = 33E2EFFC2B0B890800A4FA1D /* Components.framework */; };
		33E2F0532B0B9DB000A4FA1D /* Components.framework in Embed Frameworks */ = {isa = PBXBuildFile; fileRef = 33E2EFFC2B0B890800A4FA1D /* Components.framework */; settings = {ATTRIBUTES = (CodeSignOnCopy, RemoveHeadersOnCopy, ); }; };
		33E2F0592B0BD1E800A4FA1D /* FontSize.swift in Sources */ = {isa = PBXBuildFile; fileRef = 33E2F0582B0BD1E800A4FA1D /* FontSize.swift */; };
		33E2F05C2B0C260B00A4FA1D /* FontWeight.swift in Sources */ = {isa = PBXBuildFile; fileRef = 33E2F05B2B0C260B00A4FA1D /* FontWeight.swift */; };
		33E2F05F2B0C272900A4FA1D /* Font+Extension.swift in Sources */ = {isa = PBXBuildFile; fileRef = 33E2F05E2B0C272900A4FA1D /* Font+Extension.swift */; };
		33E2F0622B0C3BF200A4FA1D /* Colors.swift in Sources */ = {isa = PBXBuildFile; fileRef = 33E2F0612B0C3BF200A4FA1D /* Colors.swift */; };
		33E2F0642B0C3CF500A4FA1D /* Color+Extension.swift in Sources */ = {isa = PBXBuildFile; fileRef = 33E2F0632B0C3CF500A4FA1D /* Color+Extension.swift */; };
/* End PBXBuildFile section */

/* Begin PBXContainerItemProxy section */
		33432A6D2B0FC0A600FBB60A /* PBXContainerItemProxy */ = {
			isa = PBXContainerItemProxy;
			containerPortal = 33E2EFF32B0B890800A4FA1D /* Project object */;
			proxyType = 1;
			remoteGlobalIDString = 33E2EFFB2B0B890800A4FA1D;
			remoteInfo = Components;
		};
		33A59AF32B0E82B600B1822D /* PBXContainerItemProxy */ = {
			isa = PBXContainerItemProxy;
			containerPortal = 33E2EFF32B0B890800A4FA1D /* Project object */;
			proxyType = 1;
			remoteGlobalIDString = 33E2F03B2B0B904200A4FA1D;
			remoteInfo = ComponentsDemo;
		};
		33A59AF52B0E833D00B1822D /* PBXContainerItemProxy */ = {
			isa = PBXContainerItemProxy;
			containerPortal = 33E2EFF32B0B890800A4FA1D /* Project object */;
			proxyType = 1;
			remoteGlobalIDString = 33E2F03B2B0B904200A4FA1D;
			remoteInfo = ComponentsDemo;
		};
		33E2F0082B0B890800A4FA1D /* PBXContainerItemProxy */ = {
			isa = PBXContainerItemProxy;
			containerPortal = 33E2EFF32B0B890800A4FA1D /* Project object */;
			proxyType = 1;
			remoteGlobalIDString = 33E2EFFB2B0B890800A4FA1D;
			remoteInfo = Components;
		};
		33E2F0542B0B9DB100A4FA1D /* PBXContainerItemProxy */ = {
			isa = PBXContainerItemProxy;
			containerPortal = 33E2EFF32B0B890800A4FA1D /* Project object */;
			proxyType = 1;
			remoteGlobalIDString = 33E2EFFB2B0B890800A4FA1D;
			remoteInfo = Components;
		};
/* End PBXContainerItemProxy section */

/* Begin PBXCopyFilesBuildPhase section */
		33432A6F2B0FC0A600FBB60A /* Embed Frameworks */ = {
			isa = PBXCopyFilesBuildPhase;
			buildActionMask = 2147483647;
			dstPath = "";
			dstSubfolderSpec = 10;
			files = (
				33432A6C2B0FC0A600FBB60A /* Components.framework in Embed Frameworks */,
			);
			name = "Embed Frameworks";
			runOnlyForDeploymentPostprocessing = 0;
		};
		33E2F0562B0B9DB100A4FA1D /* Embed Frameworks */ = {
			isa = PBXCopyFilesBuildPhase;
			buildActionMask = 2147483647;
			dstPath = "";
			dstSubfolderSpec = 10;
			files = (
				33E2F0532B0B9DB000A4FA1D /* Components.framework in Embed Frameworks */,
			);
			name = "Embed Frameworks";
			runOnlyForDeploymentPostprocessing = 0;
		};
/* End PBXCopyFilesBuildPhase section */

/* Begin PBXFileReference section */
		33712AF32B2C8B310034F29F /* Typealias.swift */ = {isa = PBXFileReference; lastKnownFileType = sourcecode.swift; path = Typealias.swift; sourceTree = "<group>"; };
		33712B002B2E7B370034F29F /* Protocols.swift */ = {isa = PBXFileReference; lastKnownFileType = sourcecode.swift; path = Protocols.swift; sourceTree = "<group>"; };
		33712B0B2B2E7E8C0034F29F /* Login.framework */ = {isa = PBXFileReference; explicitFileType = wrapper.framework; path = Login.framework; sourceTree = BUILT_PRODUCTS_DIR; };
		339C835C2B0C4FEE00DBA0CE /* WListTextView.swift */ = {isa = PBXFileReference; lastKnownFileType = sourcecode.swift; path = WListTextView.swift; sourceTree = "<group>"; };
		339C83602B0CDDC200DBA0CE /* WListNavBar.swift */ = {isa = PBXFileReference; lastKnownFileType = sourcecode.swift; path = WListNavBar.swift; sourceTree = "<group>"; };
		33E2EFFC2B0B890800A4FA1D /* Components.framework */ = {isa = PBXFileReference; explicitFileType = wrapper.framework; includeInIndex = 0; path = Components.framework; sourceTree = BUILT_PRODUCTS_DIR; };
		33E2EFFF2B0B890800A4FA1D /* Components.h */ = {isa = PBXFileReference; lastKnownFileType = sourcecode.c.h; path = Components.h; sourceTree = "<group>"; };
		33E2F0002B0B890800A4FA1D /* Components.docc */ = {isa = PBXFileReference; lastKnownFileType = folder.documentationcatalog; path = Components.docc; sourceTree = "<group>"; };
		33E2F0062B0B890800A4FA1D /* ComponentsTests.xctest */ = {isa = PBXFileReference; explicitFileType = wrapper.cfbundle; includeInIndex = 0; path = ComponentsTests.xctest; sourceTree = BUILT_PRODUCTS_DIR; };
		33E2F00B2B0B890800A4FA1D /* ComponentsTests.swift */ = {isa = PBXFileReference; lastKnownFileType = sourcecode.swift; path = ComponentsTests.swift; sourceTree = "<group>"; };
		33E2F0292B0B8BD500A4FA1D /* WListText.swift */ = {isa = PBXFileReference; lastKnownFileType = sourcecode.swift; path = WListText.swift; sourceTree = "<group>"; };
		33E2F02F2B0B8FE400A4FA1D /* ComponentsUITests.xctest */ = {isa = PBXFileReference; explicitFileType = wrapper.cfbundle; includeInIndex = 0; path = ComponentsUITests.xctest; sourceTree = BUILT_PRODUCTS_DIR; };
		33E2F0312B0B8FE400A4FA1D /* ComponentsUITests.swift */ = {isa = PBXFileReference; lastKnownFileType = sourcecode.swift; path = ComponentsUITests.swift; sourceTree = "<group>"; };
		33E2F0332B0B8FE400A4FA1D /* ComponentsUITestsLaunchTests.swift */ = {isa = PBXFileReference; lastKnownFileType = sourcecode.swift; path = ComponentsUITestsLaunchTests.swift; sourceTree = "<group>"; };
		33E2F03C2B0B904200A4FA1D /* ComponentsDemo.app */ = {isa = PBXFileReference; explicitFileType = wrapper.application; includeInIndex = 0; path = ComponentsDemo.app; sourceTree = BUILT_PRODUCTS_DIR; };
		33E2F03E2B0B904200A4FA1D /* ComponentsDemoApp.swift */ = {isa = PBXFileReference; lastKnownFileType = sourcecode.swift; path = ComponentsDemoApp.swift; sourceTree = "<group>"; };
		33E2F0402B0B904200A4FA1D /* ComponentsContentView.swift */ = {isa = PBXFileReference; lastKnownFileType = sourcecode.swift; path = ComponentsContentView.swift; sourceTree = "<group>"; };
		33E2F0422B0B904300A4FA1D /* Assets.xcassets */ = {isa = PBXFileReference; lastKnownFileType = folder.assetcatalog; path = Assets.xcassets; sourceTree = "<group>"; };
		33E2F0452B0B904300A4FA1D /* Preview Assets.xcassets */ = {isa = PBXFileReference; lastKnownFileType = folder.assetcatalog; path = "Preview Assets.xcassets"; sourceTree = "<group>"; };
		33E2F0582B0BD1E800A4FA1D /* FontSize.swift */ = {isa = PBXFileReference; lastKnownFileType = sourcecode.swift; path = FontSize.swift; sourceTree = "<group>"; };
		33E2F05B2B0C260B00A4FA1D /* FontWeight.swift */ = {isa = PBXFileReference; lastKnownFileType = sourcecode.swift; path = FontWeight.swift; sourceTree = "<group>"; };
		33E2F05E2B0C272900A4FA1D /* Font+Extension.swift */ = {isa = PBXFileReference; lastKnownFileType = sourcecode.swift; path = "Font+Extension.swift"; sourceTree = "<group>"; };
		33E2F0612B0C3BF200A4FA1D /* Colors.swift */ = {isa = PBXFileReference; lastKnownFileType = sourcecode.swift; path = Colors.swift; sourceTree = "<group>"; };
		33E2F0632B0C3CF500A4FA1D /* Color+Extension.swift */ = {isa = PBXFileReference; lastKnownFileType = sourcecode.swift; path = "Color+Extension.swift"; sourceTree = "<group>"; };
/* End PBXFileReference section */

/* Begin PBXFrameworksBuildPhase section */
		33E2EFF92B0B890800A4FA1D /* Frameworks */ = {
			isa = PBXFrameworksBuildPhase;
			buildActionMask = 2147483647;
			files = (
			);
			runOnlyForDeploymentPostprocessing = 0;
		};
		33E2F0032B0B890800A4FA1D /* Frameworks */ = {
			isa = PBXFrameworksBuildPhase;
			buildActionMask = 2147483647;
			files = (
				33E2F0072B0B890800A4FA1D /* Components.framework in Frameworks */,
			);
			runOnlyForDeploymentPostprocessing = 0;
		};
		33E2F02C2B0B8FE400A4FA1D /* Frameworks */ = {
			isa = PBXFrameworksBuildPhase;
			buildActionMask = 2147483647;
			files = (
				33432A6B2B0FC0A600FBB60A /* Components.framework in Frameworks */,
			);
			runOnlyForDeploymentPostprocessing = 0;
		};
		33E2F0392B0B904200A4FA1D /* Frameworks */ = {
			isa = PBXFrameworksBuildPhase;
			buildActionMask = 2147483647;
			files = (
				33E2F0522B0B9DB000A4FA1D /* Components.framework in Frameworks */,
			);
			runOnlyForDeploymentPostprocessing = 0;
		};
/* End PBXFrameworksBuildPhase section */

/* Begin PBXGroup section */
		33E2EFF22B0B890800A4FA1D = {
			isa = PBXGroup;
			children = (
				33E2F03D2B0B904200A4FA1D /* ComponentsDemo */,
				33E2F0272B0B8B1800A4FA1D /* Sources */,
				33E2F00A2B0B890800A4FA1D /* UnitTests */,
				33E2F0302B0B8FE400A4FA1D /* UITests */,
				33E2EFFD2B0B890800A4FA1D /* Products */,
				33E2F0512B0B9DB000A4FA1D /* Frameworks */,
			);
			sourceTree = "<group>";
		};
		33E2EFFD2B0B890800A4FA1D /* Products */ = {
			isa = PBXGroup;
			children = (
				33E2EFFC2B0B890800A4FA1D /* Components.framework */,
				33E2F0062B0B890800A4FA1D /* ComponentsTests.xctest */,
				33E2F02F2B0B8FE400A4FA1D /* ComponentsUITests.xctest */,
				33E2F03C2B0B904200A4FA1D /* ComponentsDemo.app */,
			);
			name = Products;
			sourceTree = "<group>";
		};
		33E2EFFE2B0B890800A4FA1D /* Components */ = {
			isa = PBXGroup;
			children = (
				33E2EFFF2B0B890800A4FA1D /* Components.h */,
				33E2F0292B0B8BD500A4FA1D /* WListText.swift */,
				339C83602B0CDDC200DBA0CE /* WListNavBar.swift */,
			);
			path = Components;
			sourceTree = "<group>";
		};
		33E2F00A2B0B890800A4FA1D /* UnitTests */ = {
			isa = PBXGroup;
			children = (
				33E2F00B2B0B890800A4FA1D /* ComponentsTests.swift */,
			);
			path = UnitTests;
			sourceTree = "<group>";
		};
		33E2F0272B0B8B1800A4FA1D /* Sources */ = {
			isa = PBXGroup;
			children = (
				33E2F0002B0B890800A4FA1D /* Components.docc */,
				33E2F0572B0BD1A800A4FA1D /* Constants */,
				33E2EFFE2B0B890800A4FA1D /* Components */,
			);
			path = Sources;
			sourceTree = "<group>";
		};
		33E2F0302B0B8FE400A4FA1D /* UITests */ = {
			isa = PBXGroup;
			children = (
				33E2F0312B0B8FE400A4FA1D /* ComponentsUITests.swift */,
				33E2F0332B0B8FE400A4FA1D /* ComponentsUITestsLaunchTests.swift */,
			);
			path = UITests;
			sourceTree = "<group>";
		};
		33E2F03D2B0B904200A4FA1D /* ComponentsDemo */ = {
			isa = PBXGroup;
			children = (
				33E2F03E2B0B904200A4FA1D /* ComponentsDemoApp.swift */,
				33E2F0402B0B904200A4FA1D /* ComponentsContentView.swift */,
				339C835C2B0C4FEE00DBA0CE /* WListTextView.swift */,
				33E2F0422B0B904300A4FA1D /* Assets.xcassets */,
				33E2F0442B0B904300A4FA1D /* Preview Content */,
			);
			path = ComponentsDemo;
			sourceTree = "<group>";
		};
		33E2F0442B0B904300A4FA1D /* Preview Content */ = {
			isa = PBXGroup;
			children = (
				33E2F0452B0B904300A4FA1D /* Preview Assets.xcassets */,
			);
			path = "Preview Content";
			sourceTree = "<group>";
		};
		33E2F0512B0B9DB000A4FA1D /* Frameworks */ = {
			isa = PBXGroup;
			children = (
				33712B0B2B2E7E8C0034F29F /* Login.framework */,
			);
			name = Frameworks;
			sourceTree = "<group>";
		};
		33E2F0572B0BD1A800A4FA1D /* Constants */ = {
			isa = PBXGroup;
			children = (
				33E2F0602B0C3BE000A4FA1D /* Colors */,
				33E2F05D2B0C26E900A4FA1D /* Fonts */,
				33712AF32B2C8B310034F29F /* Typealias.swift */,
				33712B002B2E7B370034F29F /* Protocols.swift */,
			);
			path = Constants;
			sourceTree = "<group>";
		};
		33E2F05D2B0C26E900A4FA1D /* Fonts */ = {
			isa = PBXGroup;
			children = (
				33E2F0582B0BD1E800A4FA1D /* FontSize.swift */,
				33E2F05B2B0C260B00A4FA1D /* FontWeight.swift */,
				33E2F05E2B0C272900A4FA1D /* Font+Extension.swift */,
			);
			path = Fonts;
			sourceTree = "<group>";
		};
		33E2F0602B0C3BE000A4FA1D /* Colors */ = {
			isa = PBXGroup;
			children = (
				33E2F0612B0C3BF200A4FA1D /* Colors.swift */,
				33E2F0632B0C3CF500A4FA1D /* Color+Extension.swift */,
			);
			path = Colors;
			sourceTree = "<group>";
		};
/* End PBXGroup section */

/* Begin PBXHeadersBuildPhase section */
		33E2EFF72B0B890800A4FA1D /* Headers */ = {
			isa = PBXHeadersBuildPhase;
			buildActionMask = 2147483647;
			files = (
				33E2F00D2B0B890800A4FA1D /* Components.h in Headers */,
			);
			runOnlyForDeploymentPostprocessing = 0;
		};
/* End PBXHeadersBuildPhase section */

/* Begin PBXNativeTarget section */
		33E2EFFB2B0B890800A4FA1D /* Components */ = {
			isa = PBXNativeTarget;
			buildConfigurationList = 33E2F0102B0B890800A4FA1D /* Build configuration list for PBXNativeTarget "Components" */;
			buildPhases = (
				33E2EFF72B0B890800A4FA1D /* Headers */,
				33E2EFF82B0B890800A4FA1D /* Sources */,
				33E2EFF92B0B890800A4FA1D /* Frameworks */,
				33E2EFFA2B0B890800A4FA1D /* Resources */,
			);
			buildRules = (
			);
			dependencies = (
			);
			name = Components;
			productName = Components;
			productReference = 33E2EFFC2B0B890800A4FA1D /* Components.framework */;
			productType = "com.apple.product-type.framework";
		};
		33E2F0052B0B890800A4FA1D /* ComponentsTests */ = {
			isa = PBXNativeTarget;
			buildConfigurationList = 33E2F0132B0B890800A4FA1D /* Build configuration list for PBXNativeTarget "ComponentsTests" */;
			buildPhases = (
				33E2F0022B0B890800A4FA1D /* Sources */,
				33E2F0032B0B890800A4FA1D /* Frameworks */,
				33E2F0042B0B890800A4FA1D /* Resources */,
			);
			buildRules = (
			);
			dependencies = (
				33E2F0092B0B890800A4FA1D /* PBXTargetDependency */,
				33A59AF62B0E833D00B1822D /* PBXTargetDependency */,
			);
			name = ComponentsTests;
			productName = ComponentsTests;
			productReference = 33E2F0062B0B890800A4FA1D /* ComponentsTests.xctest */;
			productType = "com.apple.product-type.bundle.unit-test";
		};
		33E2F02E2B0B8FE400A4FA1D /* ComponentsUITests */ = {
			isa = PBXNativeTarget;
			buildConfigurationList = 33E2F0352B0B8FE400A4FA1D /* Build configuration list for PBXNativeTarget "ComponentsUITests" */;
			buildPhases = (
				33E2F02B2B0B8FE400A4FA1D /* Sources */,
				33E2F02C2B0B8FE400A4FA1D /* Frameworks */,
				33E2F02D2B0B8FE400A4FA1D /* Resources */,
				33432A6F2B0FC0A600FBB60A /* Embed Frameworks */,
			);
			buildRules = (
			);
			dependencies = (
				33A59AF42B0E82B600B1822D /* PBXTargetDependency */,
				33432A6E2B0FC0A600FBB60A /* PBXTargetDependency */,
			);
			name = ComponentsUITests;
			productName = ComponentsUITests;
			productReference = 33E2F02F2B0B8FE400A4FA1D /* ComponentsUITests.xctest */;
			productType = "com.apple.product-type.bundle.ui-testing";
		};
		33E2F03B2B0B904200A4FA1D /* ComponentsDemo */ = {
			isa = PBXNativeTarget;
			buildConfigurationList = 33E2F0472B0B904300A4FA1D /* Build configuration list for PBXNativeTarget "ComponentsDemo" */;
			buildPhases = (
				33E2F0382B0B904200A4FA1D /* Sources */,
				33E2F0392B0B904200A4FA1D /* Frameworks */,
				33E2F03A2B0B904200A4FA1D /* Resources */,
				33E2F0562B0B9DB100A4FA1D /* Embed Frameworks */,
			);
			buildRules = (
			);
			dependencies = (
				33E2F0552B0B9DB100A4FA1D /* PBXTargetDependency */,
			);
			name = ComponentsDemo;
			productName = ComponentsDemo;
			productReference = 33E2F03C2B0B904200A4FA1D /* ComponentsDemo.app */;
			productType = "com.apple.product-type.application";
		};
/* End PBXNativeTarget section */

/* Begin PBXProject section */
		33E2EFF32B0B890800A4FA1D /* Project object */ = {
			isa = PBXProject;
			attributes = {
				BuildIndependentTargetsInParallel = 1;
				LastSwiftUpdateCheck = 1500;
				LastUpgradeCheck = 1510;
				TargetAttributes = {
					33E2EFFB2B0B890800A4FA1D = {
						CreatedOnToolsVersion = 15.0.1;
					};
					33E2F0052B0B890800A4FA1D = {
						CreatedOnToolsVersion = 15.0.1;
						TestTargetID = 33E2F03B2B0B904200A4FA1D;
					};
					33E2F02E2B0B8FE400A4FA1D = {
						CreatedOnToolsVersion = 15.0.1;
						TestTargetID = 33E2F03B2B0B904200A4FA1D;
					};
					33E2F03B2B0B904200A4FA1D = {
						CreatedOnToolsVersion = 15.0.1;
					};
				};
			};
			buildConfigurationList = 33E2EFF62B0B890800A4FA1D /* Build configuration list for PBXProject "Components" */;
			compatibilityVersion = "Xcode 14.0";
			developmentRegion = en;
			hasScannedForEncodings = 0;
			knownRegions = (
				en,
				Base,
			);
			mainGroup = 33E2EFF22B0B890800A4FA1D;
			productRefGroup = 33E2EFFD2B0B890800A4FA1D /* Products */;
			projectDirPath = "";
			projectRoot = "";
			targets = (
				33E2EFFB2B0B890800A4FA1D /* Components */,
				33E2F03B2B0B904200A4FA1D /* ComponentsDemo */,
				33E2F0052B0B890800A4FA1D /* ComponentsTests */,
				33E2F02E2B0B8FE400A4FA1D /* ComponentsUITests */,
			);
		};
/* End PBXProject section */

/* Begin PBXResourcesBuildPhase section */
		33E2EFFA2B0B890800A4FA1D /* Resources */ = {
			isa = PBXResourcesBuildPhase;
			buildActionMask = 2147483647;
			files = (
			);
			runOnlyForDeploymentPostprocessing = 0;
		};
		33E2F0042B0B890800A4FA1D /* Resources */ = {
			isa = PBXResourcesBuildPhase;
			buildActionMask = 2147483647;
			files = (
			);
			runOnlyForDeploymentPostprocessing = 0;
		};
		33E2F02D2B0B8FE400A4FA1D /* Resources */ = {
			isa = PBXResourcesBuildPhase;
			buildActionMask = 2147483647;
			files = (
			);
			runOnlyForDeploymentPostprocessing = 0;
		};
		33E2F03A2B0B904200A4FA1D /* Resources */ = {
			isa = PBXResourcesBuildPhase;
			buildActionMask = 2147483647;
			files = (
				33E2F0462B0B904300A4FA1D /* Preview Assets.xcassets in Resources */,
				33E2F0432B0B904300A4FA1D /* Assets.xcassets in Resources */,
			);
			runOnlyForDeploymentPostprocessing = 0;
		};
/* End PBXResourcesBuildPhase section */

/* Begin PBXSourcesBuildPhase section */
		33E2EFF82B0B890800A4FA1D /* Sources */ = {
			isa = PBXSourcesBuildPhase;
			buildActionMask = 2147483647;
			files = (
				33E2F05C2B0C260B00A4FA1D /* FontWeight.swift in Sources */,
				33712AF42B2C8B310034F29F /* Typealias.swift in Sources */,
				339C83622B0CDE6D00DBA0CE /* WListNavBar.swift in Sources */,
				33E2F04D2B0B981900A4FA1D /* WListText.swift in Sources */,
				33E2F05F2B0C272900A4FA1D /* Font+Extension.swift in Sources */,
				33712B012B2E7B370034F29F /* Protocols.swift in Sources */,
				33E2F0622B0C3BF200A4FA1D /* Colors.swift in Sources */,
				33E2F0012B0B890800A4FA1D /* Components.docc in Sources */,
				33E2F0592B0BD1E800A4FA1D /* FontSize.swift in Sources */,
				33E2F0642B0C3CF500A4FA1D /* Color+Extension.swift in Sources */,
			);
			runOnlyForDeploymentPostprocessing = 0;
		};
		33E2F0022B0B890800A4FA1D /* Sources */ = {
			isa = PBXSourcesBuildPhase;
			buildActionMask = 2147483647;
			files = (
				33E2F00C2B0B890800A4FA1D /* ComponentsTests.swift in Sources */,
			);
			runOnlyForDeploymentPostprocessing = 0;
		};
		33E2F02B2B0B8FE400A4FA1D /* Sources */ = {
			isa = PBXSourcesBuildPhase;
			buildActionMask = 2147483647;
			files = (
				33E2F0342B0B8FE400A4FA1D /* ComponentsUITestsLaunchTests.swift in Sources */,
				33E2F0322B0B8FE400A4FA1D /* ComponentsUITests.swift in Sources */,
			);
			runOnlyForDeploymentPostprocessing = 0;
		};
		33E2F0382B0B904200A4FA1D /* Sources */ = {
			isa = PBXSourcesBuildPhase;
			buildActionMask = 2147483647;
			files = (
				339C83612B0CDDC200DBA0CE /* WListNavBar.swift in Sources */,
				33E2F0412B0B904200A4FA1D /* ComponentsContentView.swift in Sources */,
				339C835D2B0C4FEE00DBA0CE /* WListTextView.swift in Sources */,
				33E2F03F2B0B904200A4FA1D /* ComponentsDemoApp.swift in Sources */,
				33E2F04C2B0B976400A4FA1D /* WListText.swift in Sources */,
			);
			runOnlyForDeploymentPostprocessing = 0;
		};
/* End PBXSourcesBuildPhase section */

/* Begin PBXTargetDependency section */
		33432A6E2B0FC0A600FBB60A /* PBXTargetDependency */ = {
			isa = PBXTargetDependency;
			target = 33E2EFFB2B0B890800A4FA1D /* Components */;
			targetProxy = 33432A6D2B0FC0A600FBB60A /* PBXContainerItemProxy */;
		};
		33A59AF42B0E82B600B1822D /* PBXTargetDependency */ = {
			isa = PBXTargetDependency;
			target = 33E2F03B2B0B904200A4FA1D /* ComponentsDemo */;
			targetProxy = 33A59AF32B0E82B600B1822D /* PBXContainerItemProxy */;
		};
		33A59AF62B0E833D00B1822D /* PBXTargetDependency */ = {
			isa = PBXTargetDependency;
			target = 33E2F03B2B0B904200A4FA1D /* ComponentsDemo */;
			targetProxy = 33A59AF52B0E833D00B1822D /* PBXContainerItemProxy */;
		};
		33E2F0092B0B890800A4FA1D /* PBXTargetDependency */ = {
			isa = PBXTargetDependency;
			target = 33E2EFFB2B0B890800A4FA1D /* Components */;
			targetProxy = 33E2F0082B0B890800A4FA1D /* PBXContainerItemProxy */;
		};
		33E2F0552B0B9DB100A4FA1D /* PBXTargetDependency */ = {
			isa = PBXTargetDependency;
			target = 33E2EFFB2B0B890800A4FA1D /* Components */;
			targetProxy = 33E2F0542B0B9DB100A4FA1D /* PBXContainerItemProxy */;
		};
/* End PBXTargetDependency section */

/* Begin XCBuildConfiguration section */
		33E2F00E2B0B890800A4FA1D /* Debug */ = {
			isa = XCBuildConfiguration;
			buildSettings = {
				ALWAYS_SEARCH_USER_PATHS = NO;
				ASSETCATALOG_COMPILER_GENERATE_SWIFT_ASSET_SYMBOL_EXTENSIONS = YES;
				CLANG_ANALYZER_NONNULL = YES;
				CLANG_ANALYZER_NUMBER_OBJECT_CONVERSION = YES_AGGRESSIVE;
				CLANG_CXX_LANGUAGE_STANDARD = "gnu++20";
				CLANG_ENABLE_MODULES = YES;
				CLANG_ENABLE_OBJC_ARC = YES;
				CLANG_ENABLE_OBJC_WEAK = YES;
				CLANG_WARN_BLOCK_CAPTURE_AUTORELEASING = YES;
				CLANG_WARN_BOOL_CONVERSION = YES;
				CLANG_WARN_COMMA = YES;
				CLANG_WARN_CONSTANT_CONVERSION = YES;
				CLANG_WARN_DEPRECATED_OBJC_IMPLEMENTATIONS = YES;
				CLANG_WARN_DIRECT_OBJC_ISA_USAGE = YES_ERROR;
				CLANG_WARN_DOCUMENTATION_COMMENTS = YES;
				CLANG_WARN_EMPTY_BODY = YES;
				CLANG_WARN_ENUM_CONVERSION = YES;
				CLANG_WARN_INFINITE_RECURSION = YES;
				CLANG_WARN_INT_CONVERSION = YES;
				CLANG_WARN_NON_LITERAL_NULL_CONVERSION = YES;
				CLANG_WARN_OBJC_IMPLICIT_RETAIN_SELF = YES;
				CLANG_WARN_OBJC_LITERAL_CONVERSION = YES;
				CLANG_WARN_OBJC_ROOT_CLASS = YES_ERROR;
				CLANG_WARN_QUOTED_INCLUDE_IN_FRAMEWORK_HEADER = YES;
				CLANG_WARN_RANGE_LOOP_ANALYSIS = YES;
				CLANG_WARN_STRICT_PROTOTYPES = YES;
				CLANG_WARN_SUSPICIOUS_MOVE = YES;
				CLANG_WARN_UNGUARDED_AVAILABILITY = YES_AGGRESSIVE;
				CLANG_WARN_UNREACHABLE_CODE = YES;
				CLANG_WARN__DUPLICATE_METHOD_MATCH = YES;
				COPY_PHASE_STRIP = NO;
				CURRENT_PROJECT_VERSION = 1;
				DEBUG_INFORMATION_FORMAT = dwarf;
				ENABLE_STRICT_OBJC_MSGSEND = YES;
				ENABLE_TESTABILITY = YES;
				ENABLE_USER_SCRIPT_SANDBOXING = YES;
				GCC_C_LANGUAGE_STANDARD = gnu17;
				GCC_DYNAMIC_NO_PIC = NO;
				GCC_NO_COMMON_BLOCKS = YES;
				GCC_OPTIMIZATION_LEVEL = 0;
				GCC_PREPROCESSOR_DEFINITIONS = (
					"DEBUG=1",
					"$(inherited)",
				);
				GCC_WARN_64_TO_32_BIT_CONVERSION = YES;
				GCC_WARN_ABOUT_RETURN_TYPE = YES_ERROR;
				GCC_WARN_UNDECLARED_SELECTOR = YES;
				GCC_WARN_UNINITIALIZED_AUTOS = YES_AGGRESSIVE;
				GCC_WARN_UNUSED_FUNCTION = YES;
				GCC_WARN_UNUSED_VARIABLE = YES;
				IPHONEOS_DEPLOYMENT_TARGET = 17.0;
				LOCALIZATION_PREFERS_STRING_CATALOGS = YES;
				MTL_ENABLE_DEBUG_INFO = INCLUDE_SOURCE;
				MTL_FAST_MATH = YES;
				ONLY_ACTIVE_ARCH = YES;
				SDKROOT = iphoneos;
				SWIFT_ACTIVE_COMPILATION_CONDITIONS = "DEBUG $(inherited)";
				SWIFT_OPTIMIZATION_LEVEL = "-Onone";
				VERSIONING_SYSTEM = "apple-generic";
				VERSION_INFO_PREFIX = "";
			};
			name = Debug;
		};
		33E2F00F2B0B890800A4FA1D /* Release */ = {
			isa = XCBuildConfiguration;
			buildSettings = {
				ALWAYS_SEARCH_USER_PATHS = NO;
				ASSETCATALOG_COMPILER_GENERATE_SWIFT_ASSET_SYMBOL_EXTENSIONS = YES;
				CLANG_ANALYZER_NONNULL = YES;
				CLANG_ANALYZER_NUMBER_OBJECT_CONVERSION = YES_AGGRESSIVE;
				CLANG_CXX_LANGUAGE_STANDARD = "gnu++20";
				CLANG_ENABLE_MODULES = YES;
				CLANG_ENABLE_OBJC_ARC = YES;
				CLANG_ENABLE_OBJC_WEAK = YES;
				CLANG_WARN_BLOCK_CAPTURE_AUTORELEASING = YES;
				CLANG_WARN_BOOL_CONVERSION = YES;
				CLANG_WARN_COMMA = YES;
				CLANG_WARN_CONSTANT_CONVERSION = YES;
				CLANG_WARN_DEPRECATED_OBJC_IMPLEMENTATIONS = YES;
				CLANG_WARN_DIRECT_OBJC_ISA_USAGE = YES_ERROR;
				CLANG_WARN_DOCUMENTATION_COMMENTS = YES;
				CLANG_WARN_EMPTY_BODY = YES;
				CLANG_WARN_ENUM_CONVERSION = YES;
				CLANG_WARN_INFINITE_RECURSION = YES;
				CLANG_WARN_INT_CONVERSION = YES;
				CLANG_WARN_NON_LITERAL_NULL_CONVERSION = YES;
				CLANG_WARN_OBJC_IMPLICIT_RETAIN_SELF = YES;
				CLANG_WARN_OBJC_LITERAL_CONVERSION = YES;
				CLANG_WARN_OBJC_ROOT_CLASS = YES_ERROR;
				CLANG_WARN_QUOTED_INCLUDE_IN_FRAMEWORK_HEADER = YES;
				CLANG_WARN_RANGE_LOOP_ANALYSIS = YES;
				CLANG_WARN_STRICT_PROTOTYPES = YES;
				CLANG_WARN_SUSPICIOUS_MOVE = YES;
				CLANG_WARN_UNGUARDED_AVAILABILITY = YES_AGGRESSIVE;
				CLANG_WARN_UNREACHABLE_CODE = YES;
				CLANG_WARN__DUPLICATE_METHOD_MATCH = YES;
				COPY_PHASE_STRIP = NO;
				CURRENT_PROJECT_VERSION = 1;
				DEBUG_INFORMATION_FORMAT = "dwarf-with-dsym";
				ENABLE_NS_ASSERTIONS = NO;
				ENABLE_STRICT_OBJC_MSGSEND = YES;
				ENABLE_USER_SCRIPT_SANDBOXING = YES;
				GCC_C_LANGUAGE_STANDARD = gnu17;
				GCC_NO_COMMON_BLOCKS = YES;
				GCC_WARN_64_TO_32_BIT_CONVERSION = YES;
				GCC_WARN_ABOUT_RETURN_TYPE = YES_ERROR;
				GCC_WARN_UNDECLARED_SELECTOR = YES;
				GCC_WARN_UNINITIALIZED_AUTOS = YES_AGGRESSIVE;
				GCC_WARN_UNUSED_FUNCTION = YES;
				GCC_WARN_UNUSED_VARIABLE = YES;
				IPHONEOS_DEPLOYMENT_TARGET = 17.0;
				LOCALIZATION_PREFERS_STRING_CATALOGS = YES;
				MTL_ENABLE_DEBUG_INFO = NO;
				MTL_FAST_MATH = YES;
				SDKROOT = iphoneos;
				SWIFT_COMPILATION_MODE = wholemodule;
				VALIDATE_PRODUCT = YES;
				VERSIONING_SYSTEM = "apple-generic";
				VERSION_INFO_PREFIX = "";
			};
			name = Release;
		};
		33E2F0112B0B890800A4FA1D /* Debug */ = {
			isa = XCBuildConfiguration;
			buildSettings = {
				CODE_SIGN_IDENTITY = "";
				CODE_SIGN_STYLE = Automatic;
				CURRENT_PROJECT_VERSION = 1;
				DEFINES_MODULE = YES;
				DEVELOPMENT_TEAM = 65PP5AV236;
				DYLIB_COMPATIBILITY_VERSION = 1;
				DYLIB_CURRENT_VERSION = 1;
				DYLIB_INSTALL_NAME_BASE = "@rpath";
				ENABLE_MODULE_VERIFIER = YES;
				GENERATE_INFOPLIST_FILE = YES;
				INFOPLIST_KEY_NSHumanReadableCopyright = "";
				INSTALL_PATH = "$(LOCAL_LIBRARY_DIR)/Frameworks";
				LD_RUNPATH_SEARCH_PATHS = (
					"$(inherited)",
					"@executable_path/Frameworks",
					"@loader_path/Frameworks",
				);
				MARKETING_VERSION = 1.0;
				MODULE_VERIFIER_SUPPORTED_LANGUAGES = "objective-c objective-c++";
				MODULE_VERIFIER_SUPPORTED_LANGUAGE_STANDARDS = "gnu17 gnu++20";
				PRODUCT_BUNDLE_IDENTIFIER = com.hoveydev.Components;
				PRODUCT_NAME = "$(TARGET_NAME:c99extidentifier)";
				SKIP_INSTALL = YES;
				SWIFT_EMIT_LOC_STRINGS = YES;
				SWIFT_VERSION = 5.0;
				TARGETED_DEVICE_FAMILY = "1,2";
			};
			name = Debug;
		};
		33E2F0122B0B890800A4FA1D /* Release */ = {
			isa = XCBuildConfiguration;
			buildSettings = {
				CODE_SIGN_IDENTITY = "";
				CODE_SIGN_STYLE = Automatic;
				CURRENT_PROJECT_VERSION = 1;
				DEFINES_MODULE = YES;
				DEVELOPMENT_TEAM = 65PP5AV236;
				DYLIB_COMPATIBILITY_VERSION = 1;
				DYLIB_CURRENT_VERSION = 1;
				DYLIB_INSTALL_NAME_BASE = "@rpath";
				ENABLE_MODULE_VERIFIER = YES;
				GENERATE_INFOPLIST_FILE = YES;
				INFOPLIST_KEY_NSHumanReadableCopyright = "";
				INSTALL_PATH = "$(LOCAL_LIBRARY_DIR)/Frameworks";
				LD_RUNPATH_SEARCH_PATHS = (
					"$(inherited)",
					"@executable_path/Frameworks",
					"@loader_path/Frameworks",
				);
				MARKETING_VERSION = 1.0;
				MODULE_VERIFIER_SUPPORTED_LANGUAGES = "objective-c objective-c++";
				MODULE_VERIFIER_SUPPORTED_LANGUAGE_STANDARDS = "gnu17 gnu++20";
				PRODUCT_BUNDLE_IDENTIFIER = com.hoveydev.Components;
				PRODUCT_NAME = "$(TARGET_NAME:c99extidentifier)";
				SKIP_INSTALL = YES;
				SWIFT_EMIT_LOC_STRINGS = YES;
				SWIFT_VERSION = 5.0;
				TARGETED_DEVICE_FAMILY = "1,2";
			};
			name = Release;
		};
		33E2F0142B0B890800A4FA1D /* Debug */ = {
			isa = XCBuildConfiguration;
			buildSettings = {
				ALWAYS_EMBED_SWIFT_STANDARD_LIBRARIES = YES;
				CODE_SIGN_STYLE = Automatic;
				CURRENT_PROJECT_VERSION = 1;
				DEVELOPMENT_TEAM = 65PP5AV236;
				GENERATE_INFOPLIST_FILE = YES;
				MARKETING_VERSION = 1.0;
				PRODUCT_BUNDLE_IDENTIFIER = com.hoveydev.ComponentsTests;
				PRODUCT_NAME = "$(TARGET_NAME)";
				SWIFT_EMIT_LOC_STRINGS = NO;
				SWIFT_VERSION = 5.0;
				TARGETED_DEVICE_FAMILY = "1,2";
				TEST_HOST = "$(BUILT_PRODUCTS_DIR)/ComponentsDemo.app/$(BUNDLE_EXECUTABLE_FOLDER_PATH)/ComponentsDemo";
			};
			name = Debug;
		};
		33E2F0152B0B890800A4FA1D /* Release */ = {
			isa = XCBuildConfiguration;
			buildSettings = {
				ALWAYS_EMBED_SWIFT_STANDARD_LIBRARIES = YES;
				CODE_SIGN_STYLE = Automatic;
				CURRENT_PROJECT_VERSION = 1;
				DEVELOPMENT_TEAM = 65PP5AV236;
				GENERATE_INFOPLIST_FILE = YES;
				MARKETING_VERSION = 1.0;
				PRODUCT_BUNDLE_IDENTIFIER = com.hoveydev.ComponentsTests;
				PRODUCT_NAME = "$(TARGET_NAME)";
				SWIFT_EMIT_LOC_STRINGS = NO;
				SWIFT_VERSION = 5.0;
				TARGETED_DEVICE_FAMILY = "1,2";
				TEST_HOST = "$(BUILT_PRODUCTS_DIR)/ComponentsDemo.app/$(BUNDLE_EXECUTABLE_FOLDER_PATH)/ComponentsDemo";
			};
			name = Release;
		};
		33E2F0362B0B8FE400A4FA1D /* Debug */ = {
			isa = XCBuildConfiguration;
			buildSettings = {
				CODE_SIGN_STYLE = Automatic;
				CURRENT_PROJECT_VERSION = 1;
				DEVELOPMENT_TEAM = 65PP5AV236;
				GENERATE_INFOPLIST_FILE = YES;
				MARKETING_VERSION = 1.0;
				PRODUCT_BUNDLE_IDENTIFIER = com.hoveydev.ComponentsUITests;
				PRODUCT_NAME = "$(TARGET_NAME)";
				SWIFT_EMIT_LOC_STRINGS = NO;
				SWIFT_VERSION = 5.0;
				TARGETED_DEVICE_FAMILY = "1,2";
				TEST_TARGET_NAME = ComponentsDemo;
			};
			name = Debug;
		};
		33E2F0372B0B8FE400A4FA1D /* Release */ = {
			isa = XCBuildConfiguration;
			buildSettings = {
				CODE_SIGN_STYLE = Automatic;
				CURRENT_PROJECT_VERSION = 1;
				DEVELOPMENT_TEAM = 65PP5AV236;
				GENERATE_INFOPLIST_FILE = YES;
				MARKETING_VERSION = 1.0;
				PRODUCT_BUNDLE_IDENTIFIER = com.hoveydev.ComponentsUITests;
				PRODUCT_NAME = "$(TARGET_NAME)";
				SWIFT_EMIT_LOC_STRINGS = NO;
				SWIFT_VERSION = 5.0;
				TARGETED_DEVICE_FAMILY = "1,2";
				TEST_TARGET_NAME = ComponentsDemo;
			};
			name = Release;
		};
		33E2F0482B0B904300A4FA1D /* Debug */ = {
			isa = XCBuildConfiguration;
			buildSettings = {
				ASSETCATALOG_COMPILER_APPICON_NAME = AppIcon;
				ASSETCATALOG_COMPILER_GLOBAL_ACCENT_COLOR_NAME = AccentColor;
				CODE_SIGN_STYLE = Automatic;
				CURRENT_PROJECT_VERSION = 1;
				DEVELOPMENT_ASSET_PATHS = "\"ComponentsDemo/Preview Content\"";
				DEVELOPMENT_TEAM = 65PP5AV236;
				ENABLE_PREVIEWS = YES;
				GENERATE_INFOPLIST_FILE = YES;
				INFOPLIST_KEY_UIApplicationSceneManifest_Generation = YES;
				INFOPLIST_KEY_UIApplicationSupportsIndirectInputEvents = YES;
				INFOPLIST_KEY_UILaunchScreen_Generation = YES;
				INFOPLIST_KEY_UISupportedInterfaceOrientations_iPad = "UIInterfaceOrientationPortrait UIInterfaceOrientationPortraitUpsideDown UIInterfaceOrientationLandscapeLeft UIInterfaceOrientationLandscapeRight";
				INFOPLIST_KEY_UISupportedInterfaceOrientations_iPhone = "UIInterfaceOrientationPortrait UIInterfaceOrientationLandscapeLeft UIInterfaceOrientationLandscapeRight";
				LD_RUNPATH_SEARCH_PATHS = (
					"$(inherited)",
					"@executable_path/Frameworks",
				);
				MARKETING_VERSION = 1.0;
				PRODUCT_BUNDLE_IDENTIFIER = com.hoveydev.ComponentsDemo;
				PRODUCT_NAME = "$(TARGET_NAME)";
				SWIFT_EMIT_LOC_STRINGS = YES;
				SWIFT_VERSION = 5.0;
				TARGETED_DEVICE_FAMILY = "1,2";
			};
			name = Debug;
		};
		33E2F0492B0B904300A4FA1D /* Release */ = {
			isa = XCBuildConfiguration;
			buildSettings = {
				ASSETCATALOG_COMPILER_APPICON_NAME = AppIcon;
				ASSETCATALOG_COMPILER_GLOBAL_ACCENT_COLOR_NAME = AccentColor;
				CODE_SIGN_STYLE = Automatic;
				CURRENT_PROJECT_VERSION = 1;
				DEVELOPMENT_ASSET_PATHS = "\"ComponentsDemo/Preview Content\"";
				DEVELOPMENT_TEAM = 65PP5AV236;
				ENABLE_PREVIEWS = YES;
				GENERATE_INFOPLIST_FILE = YES;
				INFOPLIST_KEY_UIApplicationSceneManifest_Generation = YES;
				INFOPLIST_KEY_UIApplicationSupportsIndirectInputEvents = YES;
				INFOPLIST_KEY_UILaunchScreen_Generation = YES;
				INFOPLIST_KEY_UISupportedInterfaceOrientations_iPad = "UIInterfaceOrientationPortrait UIInterfaceOrientationPortraitUpsideDown UIInterfaceOrientationLandscapeLeft UIInterfaceOrientationLandscapeRight";
				INFOPLIST_KEY_UISupportedInterfaceOrientations_iPhone = "UIInterfaceOrientationPortrait UIInterfaceOrientationLandscapeLeft UIInterfaceOrientationLandscapeRight";
				LD_RUNPATH_SEARCH_PATHS = (
					"$(inherited)",
					"@executable_path/Frameworks",
				);
				MARKETING_VERSION = 1.0;
				PRODUCT_BUNDLE_IDENTIFIER = com.hoveydev.ComponentsDemo;
				PRODUCT_NAME = "$(TARGET_NAME)";
				SWIFT_EMIT_LOC_STRINGS = YES;
				SWIFT_VERSION = 5.0;
				TARGETED_DEVICE_FAMILY = "1,2";
			};
			name = Release;
		};
/* End XCBuildConfiguration section */

/* Begin XCConfigurationList section */
		33E2EFF62B0B890800A4FA1D /* Build configuration list for PBXProject "Components" */ = {
			isa = XCConfigurationList;
			buildConfigurations = (
				33E2F00E2B0B890800A4FA1D /* Debug */,
				33E2F00F2B0B890800A4FA1D /* Release */,
			);
			defaultConfigurationIsVisible = 0;
			defaultConfigurationName = Release;
		};
		33E2F0102B0B890800A4FA1D /* Build configuration list for PBXNativeTarget "Components" */ = {
			isa = XCConfigurationList;
			buildConfigurations = (
				33E2F0112B0B890800A4FA1D /* Debug */,
				33E2F0122B0B890800A4FA1D /* Release */,
			);
			defaultConfigurationIsVisible = 0;
			defaultConfigurationName = Release;
		};
		33E2F0132B0B890800A4FA1D /* Build configuration list for PBXNativeTarget "ComponentsTests" */ = {
			isa = XCConfigurationList;
			buildConfigurations = (
				33E2F0142B0B890800A4FA1D /* Debug */,
				33E2F0152B0B890800A4FA1D /* Release */,
			);
			defaultConfigurationIsVisible = 0;
			defaultConfigurationName = Release;
		};
		33E2F0352B0B8FE400A4FA1D /* Build configuration list for PBXNativeTarget "ComponentsUITests" */ = {
			isa = XCConfigurationList;
			buildConfigurations = (
				33E2F0362B0B8FE400A4FA1D /* Debug */,
				33E2F0372B0B8FE400A4FA1D /* Release */,
			);
			defaultConfigurationIsVisible = 0;
			defaultConfigurationName = Release;
		};
		33E2F0472B0B904300A4FA1D /* Build configuration list for PBXNativeTarget "ComponentsDemo" */ = {
			isa = XCConfigurationList;
			buildConfigurations = (
				33E2F0482B0B904300A4FA1D /* Debug */,
				33E2F0492B0B904300A4FA1D /* Release */,
			);
			defaultConfigurationIsVisible = 0;
			defaultConfigurationName = Release;
		};
/* End XCConfigurationList section */
	};
	rootObject = 33E2EFF32B0B890800A4FA1D /* Project object */;
}
